
Microsoft Visual Studio Solution File, Format Version 12.00
# Visual Studio 15
Project("{FAE04EC0-301F-11D3-BF4B-00C04F79EFBC}") = "Assembly-CSharp", "Assembly-CSharp.csproj", "{2AF50508-F387-78F6-AAF5-7D82D1DC9BEE}"
EndProject
Project("{FAE04EC0-301F-11D3-BF4B-00C04F79EFBC}") = "Oculus.VR", "Oculus.VR.csproj", "{9FDD0A99-A2C5-FC10-D889-2B367FBF38BF}"
EndProject
Project("{FAE04EC0-301F-11D3-BF4B-00C04F79EFBC}") = "Assembly-CSharp-Editor", "Assembly-CSharp-Editor.csproj", "{B3DA4799-920C-D50C-FFFD-21FCF52EEB57}"
EndProject
Project("{FAE04EC0-301F-11D3-BF4B-00C04F79EFBC}") = "Oculus.VR.Scripts.Editor", "Oculus.VR.Scripts.Editor.csproj", "{B9F14D39-4533-36BA-71A8-DDE84E59BFA0}"
EndProject
Project("{FAE04EC0-301F-11D3-BF4B-00C04F79EFBC}") = "Oculus.VR.Editor", "Oculus.VR.Editor.csproj", "{74ADB169-DFB5-E720-AFF3-6D3913DE3C75}"
EndProject
Global
	GlobalSection(SolutionConfigurationPlatforms) = preSolution
		Debug|Any CPU = Debug|Any CPU
		Release|Any CPU = Release|Any CPU
	EndGlobalSection
	GlobalSection(ProjectConfigurationPlatforms) = postSolution
		{2AF50508-F387-78F6-AAF5-7D82D1DC9BEE}.Debug|Any CPU.ActiveCfg = Debug|Any CPU
		{2AF50508-F387-78F6-AAF5-7D82D1DC9BEE}.Debug|Any CPU.Build.0 = Debug|Any CPU
		{2AF50508-F387-78F6-AAF5-7D82D1DC9BEE}.Release|Any CPU.ActiveCfg = Release|Any CPU
		{2AF50508-F387-78F6-AAF5-7D82D1DC9BEE}.Release|Any CPU.Build.0 = Release|Any CPU
		{9FDD0A99-A2C5-FC10-D889-2B367FBF38BF}.Debug|Any CPU.ActiveCfg = Debug|Any CPU
		{9FDD0A99-A2C5-FC10-D889-2B367FBF38BF}.Debug|Any CPU.Build.0 = Debug|Any CPU
		{9FDD0A99-A2C5-FC10-D889-2B367FBF38BF}.Release|Any CPU.ActiveCfg = Release|Any CPU
		{9FDD0A99-A2C5-FC10-D889-2B367FBF38BF}.Release|Any CPU.Build.0 = Release|Any CPU
		{B3DA4799-920C-D50C-FFFD-21FCF52EEB57}.Debug|Any CPU.ActiveCfg = Debug|Any CPU
		{B3DA4799-920C-D50C-FFFD-21FCF52EEB57}.Debug|Any CPU.Build.0 = Debug|Any CPU
		{B3DA4799-920C-D50C-FFFD-21FCF52EEB57}.Release|Any CPU.ActiveCfg = Release|Any CPU
		{B3DA4799-920C-D50C-FFFD-21FCF52EEB57}.Release|Any CPU.Build.0 = Release|Any CPU
		{B9F14D39-4533-36BA-71A8-DDE84E59BFA0}.Debug|Any CPU.ActiveCfg = Debug|Any CPU
		{B9F14D39-4533-36BA-71A8-DDE84E59BFA0}.Debug|Any CPU.Build.0 = Debug|Any CPU
		{B9F14D39-4533-36BA-71A8-DDE84E59BFA0}.Release|Any CPU.ActiveCfg = Release|Any CPU
		{B9F14D39-4533-36BA-71A8-DDE84E59BFA0}.Release|Any CPU.Build.0 = Release|Any CPU
		{74ADB169-DFB5-E720-AFF3-6D3913DE3C75}.Debug|Any CPU.ActiveCfg = Debug|Any CPU
		{74ADB169-DFB5-E720-AFF3-6D3913DE3C75}.Debug|Any CPU.Build.0 = Debug|Any CPU
		{74ADB169-DFB5-E720-AFF3-6D3913DE3C75}.Release|Any CPU.ActiveCfg = Release|Any CPU
		{74ADB169-DFB5-E720-AFF3-6D3913DE3C75}.Release|Any CPU.Build.0 = Release|Any CPU
	EndGlobalSection
	GlobalSection(SolutionProperties) = preSolution
		HideSolutionNode = FALSE
	EndGlobalSection
EndGlobal
